
Microsoft Visual Studio Solution File, Format Version 12.00
# Visual Studio Version 17
VisualStudioVersion = 17.8.34316.72
MinimumVisualStudioVersion = 10.0.40219.1
Project("{FAE04EC0-301F-11D3-BF4B-00C04F79EFBC}") = "DataStructuresAndAlgorithms_InCSharp", "DataStructuresAndAlgorithms_InCSharp.csproj", "{6EAFA998-3D0D-4EE1-B473-66CC5E9B80FB}"
EndProject
Global
	GlobalSection(SolutionConfigurationPlatforms) = preSolution
		Debug|Any CPU = Debug|Any CPU
		Release|Any CPU = Release|Any CPU
	EndGlobalSection
	GlobalSection(ProjectConfigurationPlatforms) = postSolution
		{6EAFA998-3D0D-4EE1-B473-66CC5E9B80FB}.Debug|Any CPU.ActiveCfg = Debug|Any CPU
		{6EAFA998-3D0D-4EE1-B473-66CC5E9B80FB}.Debug|Any CPU.Build.0 = Debug|Any CPU
		{6EAFA998-3D0D-4EE1-B473-66CC5E9B80FB}.Release|Any CPU.ActiveCfg = Release|Any CPU
		{6EAFA998-3D0D-4EE1-B473-66CC5E9B80FB}.Release|Any CPU.Build.0 = Release|Any CPU
	EndGlobalSection
	GlobalSection(SolutionProperties) = preSolution
		HideSolutionNode = FALSE
	EndGlobalSection
	GlobalSection(ExtensibilityGlobals) = postSolution
		SolutionGuid = {85189565-DA03-46F6-B78A-2F288143ECBB}
	EndGlobalSection
EndGlobal
